
Microsoft Visual Studio Solution File, Format Version 12.00
# Visual Studio Version 16
VisualStudioVersion = 16.0.31112.23
MinimumVisualStudioVersion = 10.0.40219.1
Project("{9A19103F-16F7-4668-BE54-9A1E7A4F7556}") = "SimpleProxy", "SimpleProxy\SimpleProxy.csproj", "{076C09AD-12A5-4CE0-BE41-B461606FED62}"
EndProject
Project("{2150E333-8FDC-42A3-9474-1A3956D46DE8}") = "Core", "Core", "{4A4DE7A9-6C40-4F7F-9E49-0090BAA9B1E1}"
EndProject
Global
	GlobalSection(SolutionConfigurationPlatforms) = preSolution
		Debug|Any CPU = Debug|Any CPU
		Release|Any CPU = Release|Any CPU
	EndGlobalSection
	GlobalSection(ProjectConfigurationPlatforms) = postSolution
		{076C09AD-12A5-4CE0-BE41-B461606FED62}.Debug|Any CPU.ActiveCfg = Debug|Any CPU
		{076C09AD-12A5-4CE0-BE41-B461606FED62}.Debug|Any CPU.Build.0 = Debug|Any CPU
		{076C09AD-12A5-4CE0-BE41-B461606FED62}.Release|Any CPU.ActiveCfg = Release|Any CPU
		{076C09AD-12A5-4CE0-BE41-B461606FED62}.Release|Any CPU.Build.0 = Release|Any CPU
	EndGlobalSection
	GlobalSection(SolutionProperties) = preSolution
		HideSolutionNode = FALSE
	EndGlobalSection
	GlobalSection(NestedProjects) = preSolution
		{076C09AD-12A5-4CE0-BE41-B461606FED62} = {4A4DE7A9-6C40-4F7F-9E49-0090BAA9B1E1}
	EndGlobalSection
	GlobalSection(ExtensibilityGlobals) = postSolution
		SolutionGuid = {8F627740-E1C8-4756-8BA6-39E4135E9350}
	EndGlobalSection
EndGlobal
