
Microsoft Visual Studio Solution File, Format Version 12.00
# Visual Studio 15
VisualStudioVersion = 15.0.28307.329
MinimumVisualStudioVersion = 10.0.40219.1
Project("{9A19103F-16F7-4668-BE54-9A1E7A4F7556}") = "SimpleProxy", "SimpleProxy\SimpleProxy.csproj", "{076C09AD-12A5-4CE0-BE41-B461606FED62}"
EndProject
Project("{9A19103F-16F7-4668-BE54-9A1E7A4F7556}") = "SampleApp", "SampleApp\SampleApp.csproj", "{F1589C2B-CA8A-4B56-B964-C64C561ADB01}"
EndProject
Global
	GlobalSection(SolutionConfigurationPlatforms) = preSolution
		Debug|Any CPU = Debug|Any CPU
		Release|Any CPU = Release|Any CPU
	EndGlobalSection
	GlobalSection(ProjectConfigurationPlatforms) = postSolution
		{076C09AD-12A5-4CE0-BE41-B461606FED62}.Debug|Any CPU.ActiveCfg = Debug|Any CPU
		{076C09AD-12A5-4CE0-BE41-B461606FED62}.Debug|Any CPU.Build.0 = Debug|Any CPU
		{076C09AD-12A5-4CE0-BE41-B461606FED62}.Release|Any CPU.ActiveCfg = Release|Any CPU
		{076C09AD-12A5-4CE0-BE41-B461606FED62}.Release|Any CPU.Build.0 = Release|Any CPU
		{F1589C2B-CA8A-4B56-B964-C64C561ADB01}.Debug|Any CPU.ActiveCfg = Debug|Any CPU
		{F1589C2B-CA8A-4B56-B964-C64C561ADB01}.Debug|Any CPU.Build.0 = Debug|Any CPU
		{F1589C2B-CA8A-4B56-B964-C64C561ADB01}.Release|Any CPU.ActiveCfg = Release|Any CPU
		{F1589C2B-CA8A-4B56-B964-C64C561ADB01}.Release|Any CPU.Build.0 = Release|Any CPU
	EndGlobalSection
	GlobalSection(SolutionProperties) = preSolution
		HideSolutionNode = FALSE
	EndGlobalSection
	GlobalSection(ExtensibilityGlobals) = postSolution
		SolutionGuid = {8F627740-E1C8-4756-8BA6-39E4135E9350}
	EndGlobalSection
EndGlobal
